// !$*UTF8*$!
{
	archiveVersion = 1;
	classes = {
	};
	objectVersion = 52;
	objects = {

/* Begin PBXBuildFile section */
		6F265F7623D33C7300C270D7 /* AppDelegate.swift in Sources */ = {isa = PBXBuildFile; fileRef = 6F265F7523D33C7300C270D7 /* AppDelegate.swift */; };
		6F265F7823D33C7300C270D7 /* SceneDelegate.swift in Sources */ = {isa = PBXBuildFile; fileRef = 6F265F7723D33C7300C270D7 /* SceneDelegate.swift */; };
		6F265F7C23D33C7500C270D7 /* Assets.xcassets in Resources */ = {isa = PBXBuildFile; fileRef = 6F265F7B23D33C7500C270D7 /* Assets.xcassets */; };
		6F265F7F23D33C7500C270D7 /* Preview Assets.xcassets in Resources */ = {isa = PBXBuildFile; fileRef = 6F265F7E23D33C7500C270D7 /* Preview Assets.xcassets */; };
		6F265F8223D33C7500C270D7 /* LaunchScreen.storyboard in Resources */ = {isa = PBXBuildFile; fileRef = 6F265F8023D33C7500C270D7 /* LaunchScreen.storyboard */; };
		6F265F8A23D33CB500C270D7 /* MapViewContainer.swift in Sources */ = {isa = PBXBuildFile; fileRef = 6F265F8923D33CB500C270D7 /* MapViewContainer.swift */; };
		6F265F8C23D33D2100C270D7 /* SelectLocationView.swift in Sources */ = {isa = PBXBuildFile; fileRef = 6F265F8B23D33D2100C270D7 /* SelectLocationView.swift */; };
		6F265F8E23D33D8B00C270D7 /* DirectionsSearchView.swift in Sources */ = {isa = PBXBuildFile; fileRef = 6F265F8D23D33D8B00C270D7 /* DirectionsSearchView.swift */; };
		6F265F9023D33DC300C270D7 /* RouteInfoView.swift in Sources */ = {isa = PBXBuildFile; fileRef = 6F265F8F23D33DC300C270D7 /* RouteInfoView.swift */; };
		6F265F9223D33E2200C270D7 /* LoadingHUD.swift in Sources */ = {isa = PBXBuildFile; fileRef = 6F265F9123D33E2200C270D7 /* LoadingHUD.swift */; };
		6F265F9423D33E4900C270D7 /* MapItemView.swift in Sources */ = {isa = PBXBuildFile; fileRef = 6F265F9323D33E4900C270D7 /* MapItemView.swift */; };
		6F265F9623D33E7500C270D7 /* StatusBarCover.swift in Sources */ = {isa = PBXBuildFile; fileRef = 6F265F9523D33E7500C270D7 /* StatusBarCover.swift */; };
		6F265F9823D33E9500C270D7 /* DirectionsEnvironment.swift in Sources */ = {isa = PBXBuildFile; fileRef = 6F265F9723D33E9500C270D7 /* DirectionsEnvironment.swift */; };
		6F265F9B23D3405A00C270D7 /* JGProgressHUD in Frameworks */ = {isa = PBXBuildFile; productRef = 6F265F9A23D3405A00C270D7 /* JGProgressHUD */; };
		6F265F9D23D340B100C270D7 /* Adress+MapKit.swift in Sources */ = {isa = PBXBuildFile; fileRef = 6F265F9C23D340B100C270D7 /* Adress+MapKit.swift */; };
/* End PBXBuildFile section */

/* Begin PBXFileReference section */
		6F265F7223D33C7300C270D7 /* MapDirectionRoute.app */ = {isa = PBXFileReference; explicitFileType = wrapper.application; includeInIndex = 0; path = MapDirectionRoute.app; sourceTree = BUILT_PRODUCTS_DIR; };
		6F265F7523D33C7300C270D7 /* AppDelegate.swift */ = {isa = PBXFileReference; lastKnownFileType = sourcecode.swift; path = AppDelegate.swift; sourceTree = "<group>"; };
		6F265F7723D33C7300C270D7 /* SceneDelegate.swift */ = {isa = PBXFileReference; lastKnownFileType = sourcecode.swift; path = SceneDelegate.swift; sourceTree = "<group>"; };
		6F265F7B23D33C7500C270D7 /* Assets.xcassets */ = {isa = PBXFileReference; lastKnownFileType = folder.assetcatalog; path = Assets.xcassets; sourceTree = "<group>"; };
		6F265F7E23D33C7500C270D7 /* Preview Assets.xcassets */ = {isa = PBXFileReference; lastKnownFileType = folder.assetcatalog; path = "Preview Assets.xcassets"; sourceTree = "<group>"; };
		6F265F8123D33C7500C270D7 /* Base */ = {isa = PBXFileReference; lastKnownFileType = file.storyboard; name = Base; path = Base.lproj/LaunchScreen.storyboard; sourceTree = "<group>"; };
		6F265F8323D33C7500C270D7 /* Info.plist */ = {isa = PBXFileReference; lastKnownFileType = text.plist.xml; path = Info.plist; sourceTree = "<group>"; };
		6F265F8923D33CB500C270D7 /* MapViewContainer.swift */ = {isa = PBXFileReference; lastKnownFileType = sourcecode.swift; path = MapViewContainer.swift; sourceTree = "<group>"; };
		6F265F8B23D33D2100C270D7 /* SelectLocationView.swift */ = {isa = PBXFileReference; lastKnownFileType = sourcecode.swift; path = SelectLocationView.swift; sourceTree = "<group>"; };
		6F265F8D23D33D8B00C270D7 /* DirectionsSearchView.swift */ = {isa = PBXFileReference; lastKnownFileType = sourcecode.swift; path = DirectionsSearchView.swift; sourceTree = "<group>"; };
		6F265F8F23D33DC300C270D7 /* RouteInfoView.swift */ = {isa = PBXFileReference; lastKnownFileType = sourcecode.swift; path = RouteInfoView.swift; sourceTree = "<group>"; };
		6F265F9123D33E2200C270D7 /* LoadingHUD.swift */ = {isa = PBXFileReference; lastKnownFileType = sourcecode.swift; path = LoadingHUD.swift; sourceTree = "<group>"; };
		6F265F9323D33E4900C270D7 /* MapItemView.swift */ = {isa = PBXFileReference; lastKnownFileType = sourcecode.swift; path = MapItemView.swift; sourceTree = "<group>"; };
		6F265F9523D33E7500C270D7 /* StatusBarCover.swift */ = {isa = PBXFileReference; lastKnownFileType = sourcecode.swift; path = StatusBarCover.swift; sourceTree = "<group>"; };
		6F265F9723D33E9500C270D7 /* DirectionsEnvironment.swift */ = {isa = PBXFileReference; lastKnownFileType = sourcecode.swift; path = DirectionsEnvironment.swift; sourceTree = "<group>"; };
		6F265F9C23D340B100C270D7 /* Adress+MapKit.swift */ = {isa = PBXFileReference; lastKnownFileType = sourcecode.swift; path = "Adress+MapKit.swift"; sourceTree = "<group>"; };
/* End PBXFileReference section */

/* Begin PBXFrameworksBuildPhase section */
		6F265F6F23D33C7300C270D7 /* Frameworks */ = {
			isa = PBXFrameworksBuildPhase;
			buildActionMask = 2147483647;
			files = (
				6F265F9B23D3405A00C270D7 /* JGProgressHUD in Frameworks */,
			);
			runOnlyForDeploymentPostprocessing = 0;
		};
/* End PBXFrameworksBuildPhase section */

/* Begin PBXGroup section */
		6F265F6923D33C7300C270D7 = {
			isa = PBXGroup;
			children = (
				6F265F7423D33C7300C270D7 /* MapDirectionRoute */,
				6F265F7323D33C7300C270D7 /* Products */,
			);
			sourceTree = "<group>";
		};
		6F265F7323D33C7300C270D7 /* Products */ = {
			isa = PBXGroup;
			children = (
				6F265F7223D33C7300C270D7 /* MapDirectionRoute.app */,
			);
			name = Products;
			sourceTree = "<group>";
		};
		6F265F7423D33C7300C270D7 /* MapDirectionRoute */ = {
			isa = PBXGroup;
			children = (
				6F265F7523D33C7300C270D7 /* AppDelegate.swift */,
				6F265F7723D33C7300C270D7 /* SceneDelegate.swift */,
				6F265F8923D33CB500C270D7 /* MapViewContainer.swift */,
				6F265F8B23D33D2100C270D7 /* SelectLocationView.swift */,
				6F265F8D23D33D8B00C270D7 /* DirectionsSearchView.swift */,
				6F265F8F23D33DC300C270D7 /* RouteInfoView.swift */,
				6F265F9123D33E2200C270D7 /* LoadingHUD.swift */,
				6F265F9323D33E4900C270D7 /* MapItemView.swift */,
				6F265F9523D33E7500C270D7 /* StatusBarCover.swift */,
				6F265F9723D33E9500C270D7 /* DirectionsEnvironment.swift */,
				6F265F9C23D340B100C270D7 /* Adress+MapKit.swift */,
				6F265F7B23D33C7500C270D7 /* Assets.xcassets */,
				6F265F8023D33C7500C270D7 /* LaunchScreen.storyboard */,
				6F265F8323D33C7500C270D7 /* Info.plist */,
				6F265F7D23D33C7500C270D7 /* Preview Content */,
			);
			path = MapDirectionRoute;
			sourceTree = "<group>";
		};
		6F265F7D23D33C7500C270D7 /* Preview Content */ = {
			isa = PBXGroup;
			children = (
				6F265F7E23D33C7500C270D7 /* Preview Assets.xcassets */,
			);
			path = "Preview Content";
			sourceTree = "<group>";
		};
/* End PBXGroup section */

/* Begin PBXNativeTarget section */
		6F265F7123D33C7300C270D7 /* MapDirectionRoute */ = {
			isa = PBXNativeTarget;
			buildConfigurationList = 6F265F8623D33C7500C270D7 /* Build configuration list for PBXNativeTarget "MapDirectionRoute" */;
			buildPhases = (
				6F265F6E23D33C7300C270D7 /* Sources */,
				6F265F6F23D33C7300C270D7 /* Frameworks */,
				6F265F7023D33C7300C270D7 /* Resources */,
			);
			buildRules = (
			);
			dependencies = (
			);
			name = MapDirectionRoute;
			packageProductDependencies = (
				6F265F9A23D3405A00C270D7 /* JGProgressHUD */,
			);
			productName = MapDirectionRoute;
			productReference = 6F265F7223D33C7300C270D7 /* MapDirectionRoute.app */;
			productType = "com.apple.product-type.application";
		};
/* End PBXNativeTarget section */

/* Begin PBXProject section */
		6F265F6A23D33C7300C270D7 /* Project object */ = {
			isa = PBXProject;
			attributes = {
				LastSwiftUpdateCheck = 1120;
				LastUpgradeCheck = 1120;
				ORGANIZATIONNAME = "Alexander Römer";
				TargetAttributes = {
					6F265F7123D33C7300C270D7 = {
						CreatedOnToolsVersion = 11.2.1;
					};
				};
			};
			buildConfigurationList = 6F265F6D23D33C7300C270D7 /* Build configuration list for PBXProject "MapDirectionRoute" */;
			compatibilityVersion = "Xcode 9.3";
			developmentRegion = en;
			hasScannedForEncodings = 0;
			knownRegions = (
				en,
				Base,
			);
			mainGroup = 6F265F6923D33C7300C270D7;
			packageReferences = (
				6F265F9923D3405A00C270D7 /* XCRemoteSwiftPackageReference "JGProgressHUD" */,
			);
			productRefGroup = 6F265F7323D33C7300C270D7 /* Products */;
			projectDirPath = "";
			projectRoot = "";
			targets = (
				6F265F7123D33C7300C270D7 /* MapDirectionRoute */,
			);
		};
/* End PBXProject section */

/* Begin PBXResourcesBuildPhase section */
		6F265F7023D33C7300C270D7 /* Resources */ = {
			isa = PBXResourcesBuildPhase;
			buildActionMask = 2147483647;
			files = (
				6F265F8223D33C7500C270D7 /* LaunchScreen.storyboard in Resources */,
				6F265F7F23D33C7500C270D7 /* Preview Assets.xcassets in Resources */,
				6F265F7C23D33C7500C270D7 /* Assets.xcassets in Resources */,
			);
			runOnlyForDeploymentPostprocessing = 0;
		};
/* End PBXResourcesBuildPhase section */

/* Begin PBXSourcesBuildPhase section */
		6F265F6E23D33C7300C270D7 /* Sources */ = {
			isa = PBXSourcesBuildPhase;
			buildActionMask = 2147483647;
			files = (
				6F265F9823D33E9500C270D7 /* DirectionsEnvironment.swift in Sources */,
				6F265F7623D33C7300C270D7 /* AppDelegate.swift in Sources */,
				6F265F9623D33E7500C270D7 /* StatusBarCover.swift in Sources */,
				6F265F8A23D33CB500C270D7 /* MapViewContainer.swift in Sources */,
				6F265F9223D33E2200C270D7 /* LoadingHUD.swift in Sources */,
				6F265F8E23D33D8B00C270D7 /* DirectionsSearchView.swift in Sources */,
				6F265F7823D33C7300C270D7 /* SceneDelegate.swift in Sources */,
				6F265F9423D33E4900C270D7 /* MapItemView.swift in Sources */,
				6F265F9D23D340B100C270D7 /* Adress+MapKit.swift in Sources */,
				6F265F9023D33DC300C270D7 /* RouteInfoView.swift in Sources */,
				6F265F8C23D33D2100C270D7 /* SelectLocationView.swift in Sources */,
			);
			runOnlyForDeploymentPostprocessing = 0;
		};
/* End PBXSourcesBuildPhase section */

/* Begin PBXVariantGroup section */
		6F265F8023D33C7500C270D7 /* LaunchScreen.storyboard */ = {
			isa = PBXVariantGroup;
			children = (
				6F265F8123D33C7500C270D7 /* Base */,
			);
			name = LaunchScreen.storyboard;
			sourceTree = "<group>";
		};
/* End PBXVariantGroup section */

/* Begin XCBuildConfiguration section */
		6F265F8423D33C7500C270D7 /* Debug */ = {
			isa = XCBuildConfiguration;
			buildSettings = {
				ALWAYS_SEARCH_USER_PATHS = NO;
				CLANG_ANALYZER_NONNULL = YES;
				CLANG_ANALYZER_NUMBER_OBJECT_CONVERSION = YES_AGGRESSIVE;
				CLANG_CXX_LANGUAGE_STANDARD = "gnu++14";
				CLANG_CXX_LIBRARY = "libc++";
				CLANG_ENABLE_MODULES = YES;
				CLANG_ENABLE_OBJC_ARC = YES;
				CLANG_ENABLE_OBJC_WEAK = YES;
				CLANG_WARN_BLOCK_CAPTURE_AUTORELEASING = YES;
				CLANG_WARN_BOOL_CONVERSION = YES;
				CLANG_WARN_COMMA = YES;
				CLANG_WARN_CONSTANT_CONVERSION = YES;
				CLANG_WARN_DEPRECATED_OBJC_IMPLEMENTATIONS = YES;
				CLANG_WARN_DIRECT_OBJC_ISA_USAGE = YES_ERROR;
				CLANG_WARN_DOCUMENTATION_COMMENTS = YES;
				CLANG_WARN_EMPTY_BODY = YES;
				CLANG_WARN_ENUM_CONVERSION = YES;
				CLANG_WARN_INFINITE_RECURSION = YES;
				CLANG_WARN_INT_CONVERSION = YES;
				CLANG_WARN_NON_LITERAL_NULL_CONVERSION = YES;
				CLANG_WARN_OBJC_IMPLICIT_RETAIN_SELF = YES;
				CLANG_WARN_OBJC_LITERAL_CONVERSION = YES;
				CLANG_WARN_OBJC_ROOT_CLASS = YES_ERROR;
				CLANG_WARN_RANGE_LOOP_ANALYSIS = YES;
				CLANG_WARN_STRICT_PROTOTYPES = YES;
				CLANG_WARN_SUSPICIOUS_MOVE = YES;
				CLANG_WARN_UNGUARDED_AVAILABILITY = YES_AGGRESSIVE;
				CLANG_WARN_UNREACHABLE_CODE = YES;
				CLANG_WARN__DUPLICATE_METHOD_MATCH = YES;
				COPY_PHASE_STRIP = NO;
				DEBUG_INFORMATION_FORMAT = dwarf;
				ENABLE_STRICT_OBJC_MSGSEND = YES;
				ENABLE_TESTABILITY = YES;
				GCC_C_LANGUAGE_STANDARD = gnu11;
				GCC_DYNAMIC_NO_PIC = NO;
				GCC_NO_COMMON_BLOCKS = YES;
				GCC_OPTIMIZATION_LEVEL = 0;
				GCC_PREPROCESSOR_DEFINITIONS = (
					"DEBUG=1",
					"$(inherited)",
				);
				GCC_WARN_64_TO_32_BIT_CONVERSION = YES;
				GCC_WARN_ABOUT_RETURN_TYPE = YES_ERROR;
				GCC_WARN_UNDECLARED_SELECTOR = YES;
				GCC_WARN_UNINITIALIZED_AUTOS = YES_AGGRESSIVE;
				GCC_WARN_UNUSED_FUNCTION = YES;
				GCC_WARN_UNUSED_VARIABLE = YES;
				IPHONEOS_DEPLOYMENT_TARGET = 13.2;
				MTL_ENABLE_DEBUG_INFO = INCLUDE_SOURCE;
				MTL_FAST_MATH = YES;
				ONLY_ACTIVE_ARCH = YES;
				SDKROOT = iphoneos;
				SWIFT_ACTIVE_COMPILATION_CONDITIONS = DEBUG;
				SWIFT_OPTIMIZATION_LEVEL = "-Onone";
			};
			name = Debug;
		};
		6F265F8523D33C7500C270D7 /* Release */ = {
			isa = XCBuildConfiguration;
			buildSettings = {
				ALWAYS_SEARCH_USER_PATHS = NO;
				CLANG_ANALYZER_NONNULL = YES;
				CLANG_ANALYZER_NUMBER_OBJECT_CONVERSION = YES_AGGRESSIVE;
				CLANG_CXX_LANGUAGE_STANDARD = "gnu++14";
				CLANG_CXX_LIBRARY = "libc++";
				CLANG_ENABLE_MODULES = YES;
				CLANG_ENABLE_OBJC_ARC = YES;
				CLANG_ENABLE_OBJC_WEAK = YES;
				CLANG_WARN_BLOCK_CAPTURE_AUTORELEASING = YES;
				CLANG_WARN_BOOL_CONVERSION = YES;
				CLANG_WARN_COMMA = YES;
				CLANG_WARN_CONSTANT_CONVERSION = YES;
				CLANG_WARN_DEPRECATED_OBJC_IMPLEMENTATIONS = YES;
				CLANG_WARN_DIRECT_OBJC_ISA_USAGE = YES_ERROR;
				CLANG_WARN_DOCUMENTATION_COMMENTS = YES;
				CLANG_WARN_EMPTY_BODY = YES;
				CLANG_WARN_ENUM_CONVERSION = YES;
				CLANG_WARN_INFINITE_RECURSION = YES;
				CLANG_WARN_INT_CONVERSION = YES;
				CLANG_WARN_NON_LITERAL_NULL_CONVERSION = YES;
				CLANG_WARN_OBJC_IMPLICIT_RETAIN_SELF = YES;
				CLANG_WARN_OBJC_LITERAL_CONVERSION = YES;
				CLANG_WARN_OBJC_ROOT_CLASS = YES_ERROR;
				CLANG_WARN_RANGE_LOOP_ANALYSIS = YES;
				CLANG_WARN_STRICT_PROTOTYPES = YES;
				CLANG_WARN_SUSPICIOUS_MOVE = YES;
				CLANG_WARN_UNGUARDED_AVAILABILITY = YES_AGGRESSIVE;
				CLANG_WARN_UNREACHABLE_CODE = YES;
				CLANG_WARN__DUPLICATE_METHOD_MATCH = YES;
				COPY_PHASE_STRIP = NO;
				DEBUG_INFORMATION_FORMAT = "dwarf-with-dsym";
				ENABLE_NS_ASSERTIONS = NO;
				ENABLE_STRICT_OBJC_MSGSEND = YES;
				GCC_C_LANGUAGE_STANDARD = gnu11;
				GCC_NO_COMMON_BLOCKS = YES;
				GCC_WARN_64_TO_32_BIT_CONVERSION = YES;
				GCC_WARN_ABOUT_RETURN_TYPE = YES_ERROR;
				GCC_WARN_UNDECLARED_SELECTOR = YES;
				GCC_WARN_UNINITIALIZED_AUTOS = YES_AGGRESSIVE;
				GCC_WARN_UNUSED_FUNCTION = YES;
				GCC_WARN_UNUSED_VARIABLE = YES;
				IPHONEOS_DEPLOYMENT_TARGET = 13.2;
				MTL_ENABLE_DEBUG_INFO = NO;
				MTL_FAST_MATH = YES;
				SDKROOT = iphoneos;
				SWIFT_COMPILATION_MODE = wholemodule;
				SWIFT_OPTIMIZATION_LEVEL = "-O";
				VALIDATE_PRODUCT = YES;
			};
			name = Release;
		};
		6F265F8723D33C7500C270D7 /* Debug */ = {
			isa = XCBuildConfiguration;
			buildSettings = {
				ASSETCATALOG_COMPILER_APPICON_NAME = AppIcon;
				CODE_SIGN_STYLE = Automatic;
				DEVELOPMENT_ASSET_PATHS = "\"MapDirectionRoute/Preview Content\"";
				DEVELOPMENT_TEAM = SGAHDZJZ9E;
				ENABLE_PREVIEWS = YES;
				INFOPLIST_FILE = MapDirectionRoute/Info.plist;
				LD_RUNPATH_SEARCH_PATHS = (
					"$(inherited)",
					"@executable_path/Frameworks",
				);
				PRODUCT_BUNDLE_IDENTIFIER = design.roemer.MapDirectionRoute;
				PRODUCT_NAME = "$(TARGET_NAME)";
				SWIFT_VERSION = 5.0;
				TARGETED_DEVICE_FAMILY = "1,2";
			};
			name = Debug;
		};
		6F265F8823D33C7500C270D7 /* Release */ = {
			isa = XCBuildConfiguration;
			buildSettings = {
				ASSETCATALOG_COMPILER_APPICON_NAME = AppIcon;
				CODE_SIGN_STYLE = Automatic;
				DEVELOPMENT_ASSET_PATHS = "\"MapDirectionRoute/Preview Content\"";
				DEVELOPMENT_TEAM = SGAHDZJZ9E;
				ENABLE_PREVIEWS = YES;
				INFOPLIST_FILE = MapDirectionRoute/Info.plist;
				LD_RUNPATH_SEARCH_PATHS = (
					"$(inherited)",
					"@executable_path/Frameworks",
				);
				PRODUCT_BUNDLE_IDENTIFIER = design.roemer.MapDirectionRoute;
				PRODUCT_NAME = "$(TARGET_NAME)";
				SWIFT_VERSION = 5.0;
				TARGETED_DEVICE_FAMILY = "1,2";
			};
			name = Release;
		};
/* End XCBuildConfiguration section */

/* Begin XCConfigurationList section */
		6F265F6D23D33C7300C270D7 /* Build configuration list for PBXProject "MapDirectionRoute" */ = {
			isa = XCConfigurationList;
			buildConfigurations = (
				6F265F8423D33C7500C270D7 /* Debug */,
				6F265F8523D33C7500C270D7 /* Release */,
			);
			defaultConfigurationIsVisible = 0;
			defaultConfigurationName = Release;
		};
		6F265F8623D33C7500C270D7 /* Build configuration list for PBXNativeTarget "MapDirectionRoute" */ = {
			isa = XCConfigurationList;
			buildConfigurations = (
				6F265F8723D33C7500C270D7 /* Debug */,
				6F265F8823D33C7500C270D7 /* Release */,
			);
			defaultConfigurationIsVisible = 0;
			defaultConfigurationName = Release;
		};
/* End XCConfigurationList section */

/* Begin XCRemoteSwiftPackageReference section */
		6F265F9923D3405A00C270D7 /* XCRemoteSwiftPackageReference "JGProgressHUD" */ = {
			isa = XCRemoteSwiftPackageReference;
			repositoryURL = "https://github.com/JonasGessner/JGProgressHUD.git";
			requirement = {
				kind = upToNextMajorVersion;
				minimumVersion = 2.1.0;
			};
		};
/* End XCRemoteSwiftPackageReference section */

/* Begin XCSwiftPackageProductDependency section */
		6F265F9A23D3405A00C270D7 /* JGProgressHUD */ = {
			isa = XCSwiftPackageProductDependency;
			package = 6F265F9923D3405A00C270D7 /* XCRemoteSwiftPackageReference "JGProgressHUD" */;
			productName = JGProgressHUD;
		};
/* End XCSwiftPackageProductDependency section */
	};
	rootObject = 6F265F6A23D33C7300C270D7 /* Project object */;
}
